
Microsoft Visual Studio Solution File, Format Version 12.00
# Visual Studio Version 17
VisualStudioVersion = 17.9.34723.18
MinimumVisualStudioVersion = 10.0.40219.1
Project("{9A19103F-16F7-4668-BE54-9A1E7A4F7556}") = "ChessMinMax", "ChessMinMax\ChessMinMax.csproj", "{90952E3C-F3A3-447D-A7DE-6F3406A35338}"
EndProject
Project("{FAE04EC0-301F-11D3-BF4B-00C04F79EFBC}") = "UnitTests", "UnitTests\UnitTests.csproj", "{008A185D-71FC-4EBF-A670-20E069DA8672}"
EndProject
Global
	GlobalSection(SolutionConfigurationPlatforms) = preSolution
		Debug|Any CPU = Debug|Any CPU
		Release|Any CPU = Release|Any CPU
	EndGlobalSection
	GlobalSection(ProjectConfigurationPlatforms) = postSolution
		{90952E3C-F3A3-447D-A7DE-6F3406A35338}.Debug|Any CPU.ActiveCfg = Debug|Any CPU
		{90952E3C-F3A3-447D-A7DE-6F3406A35338}.Debug|Any CPU.Build.0 = Debug|Any CPU
		{90952E3C-F3A3-447D-A7DE-6F3406A35338}.Release|Any CPU.ActiveCfg = Release|Any CPU
		{90952E3C-F3A3-447D-A7DE-6F3406A35338}.Release|Any CPU.Build.0 = Release|Any CPU
		{008A185D-71FC-4EBF-A670-20E069DA8672}.Debug|Any CPU.ActiveCfg = Debug|Any CPU
		{008A185D-71FC-4EBF-A670-20E069DA8672}.Debug|Any CPU.Build.0 = Debug|Any CPU
		{008A185D-71FC-4EBF-A670-20E069DA8672}.Release|Any CPU.ActiveCfg = Release|Any CPU
		{008A185D-71FC-4EBF-A670-20E069DA8672}.Release|Any CPU.Build.0 = Release|Any CPU
	EndGlobalSection
	GlobalSection(SolutionProperties) = preSolution
		HideSolutionNode = FALSE
	EndGlobalSection
	GlobalSection(ExtensibilityGlobals) = postSolution
		SolutionGuid = {36B7F716-2EED-4C0B-89B1-C592F1A8F536}
	EndGlobalSection
EndGlobal
